// !$*UTF8*$!
{
	archiveVersion = 1;
	classes = {
	};
	objectVersion = 46;
	objects = {

/* Begin PBXBuildFile section */
		4931122719805EBB006C271E /* main.m in Sources */ = {isa = PBXBuildFile; fileRef = 4931122619805EBB006C271E /* main.m */; };
		4931122A19805EBB006C271E /* AppDelegate.m in Sources */ = {isa = PBXBuildFile; fileRef = 4931122919805EBB006C271E /* AppDelegate.m */; };
		4931123019805EBB006C271E /* Main.storyboard in Resources */ = {isa = PBXBuildFile; fileRef = 4931122E19805EBB006C271E /* Main.storyboard */; };
		4931123219805EBB006C271E /* Images.xcassets in Resources */ = {isa = PBXBuildFile; fileRef = 4931123119805EBB006C271E /* Images.xcassets */; };
		4931123E19805EBB006C271E /* Charity_MapTests.m in Sources */ = {isa = PBXBuildFile; fileRef = 4931123D19805EBB006C271E /* Charity_MapTests.m */; };
		4931124A19816AD9006C271E /* LAWalkthroughViewController.m in Sources */ = {isa = PBXBuildFile; fileRef = 4931124919816AD9006C271E /* LAWalkthroughViewController.m */; };
		4957B19D198958EF00417C26 /* projectsCollectionViewController.m in Sources */ = {isa = PBXBuildFile; fileRef = 4957B19C198958EF00417C26 /* projectsCollectionViewController.m */; };
		4957B1A11989880600417C26 /* Crashlytics.framework in Frameworks */ = {isa = PBXBuildFile; fileRef = 4957B1A01989880600417C26 /* Crashlytics.framework */; };
		49F968CD198943B8003C163A /* homeViewController.m in Sources */ = {isa = PBXBuildFile; fileRef = 49F968CC198943B8003C163A /* homeViewController.m */; };
		49F968D01989458B003C163A /* activitiesViewController.m in Sources */ = {isa = PBXBuildFile; fileRef = 49F968CF1989458B003C163A /* activitiesViewController.m */; };
/* End PBXBuildFile section */

/* Begin PBXContainerItemProxy section */
		4931123819805EBB006C271E /* PBXContainerItemProxy */ = {
			isa = PBXContainerItemProxy;
			containerPortal = 4931121919805EBB006C271E /* Project object */;
			proxyType = 1;
			remoteGlobalIDString = 4931122019805EBB006C271E;
			remoteInfo = "Charity Map";
		};
/* End PBXContainerItemProxy section */

/* Begin PBXFileReference section */
		4931122119805EBB006C271E /* Charity Map.app */ = {isa = PBXFileReference; explicitFileType = wrapper.application; includeInIndex = 0; path = "Charity Map.app"; sourceTree = BUILT_PRODUCTS_DIR; };
		4931122519805EBB006C271E /* Info.plist */ = {isa = PBXFileReference; lastKnownFileType = text.plist.xml; path = Info.plist; sourceTree = "<group>"; };
		4931122619805EBB006C271E /* main.m */ = {isa = PBXFileReference; lastKnownFileType = sourcecode.c.objc; path = main.m; sourceTree = "<group>"; };
		4931122819805EBB006C271E /* AppDelegate.h */ = {isa = PBXFileReference; lastKnownFileType = sourcecode.c.h; path = AppDelegate.h; sourceTree = "<group>"; };
		4931122919805EBB006C271E /* AppDelegate.m */ = {isa = PBXFileReference; lastKnownFileType = sourcecode.c.objc; path = AppDelegate.m; sourceTree = "<group>"; };
		4931122F19805EBB006C271E /* Base */ = {isa = PBXFileReference; lastKnownFileType = file.storyboard; name = Base; path = Base.lproj/Main.storyboard; sourceTree = "<group>"; };
		4931123119805EBB006C271E /* Images.xcassets */ = {isa = PBXFileReference; lastKnownFileType = folder.assetcatalog; path = Images.xcassets; sourceTree = "<group>"; };
		4931123719805EBB006C271E /* Charity MapTests.xctest */ = {isa = PBXFileReference; explicitFileType = wrapper.cfbundle; includeInIndex = 0; path = "Charity MapTests.xctest"; sourceTree = BUILT_PRODUCTS_DIR; };
		4931123C19805EBB006C271E /* Info.plist */ = {isa = PBXFileReference; lastKnownFileType = text.plist.xml; path = Info.plist; sourceTree = "<group>"; };
		4931123D19805EBB006C271E /* Charity_MapTests.m */ = {isa = PBXFileReference; lastKnownFileType = sourcecode.c.objc; path = Charity_MapTests.m; sourceTree = "<group>"; };
		4931124819816AD9006C271E /* LAWalkthroughViewController.h */ = {isa = PBXFileReference; fileEncoding = 4; lastKnownFileType = sourcecode.c.h; path = LAWalkthroughViewController.h; sourceTree = "<group>"; };
		4931124919816AD9006C271E /* LAWalkthroughViewController.m */ = {isa = PBXFileReference; fileEncoding = 4; lastKnownFileType = sourcecode.c.objc; path = LAWalkthroughViewController.m; sourceTree = "<group>"; };
		4957B19B198958EF00417C26 /* projectsCollectionViewController.h */ = {isa = PBXFileReference; fileEncoding = 4; lastKnownFileType = sourcecode.c.h; path = projectsCollectionViewController.h; sourceTree = "<group>"; };
		4957B19C198958EF00417C26 /* projectsCollectionViewController.m */ = {isa = PBXFileReference; fileEncoding = 4; lastKnownFileType = sourcecode.c.objc; path = projectsCollectionViewController.m; sourceTree = "<group>"; };
		4957B1A01989880600417C26 /* Crashlytics.framework */ = {isa = PBXFileReference; lastKnownFileType = wrapper.framework; path = Crashlytics.framework; sourceTree = SOURCE_ROOT; };
		49F968CB198943B8003C163A /* homeViewController.h */ = {isa = PBXFileReference; fileEncoding = 4; lastKnownFileType = sourcecode.c.h; path = homeViewController.h; sourceTree = "<group>"; };
		49F968CC198943B8003C163A /* homeViewController.m */ = {isa = PBXFileReference; fileEncoding = 4; lastKnownFileType = sourcecode.c.objc; path = homeViewController.m; sourceTree = "<group>"; };
		49F968CE1989458B003C163A /* activitiesViewController.h */ = {isa = PBXFileReference; fileEncoding = 4; lastKnownFileType = sourcecode.c.h; path = activitiesViewController.h; sourceTree = "<group>"; };
		49F968CF1989458B003C163A /* activitiesViewController.m */ = {isa = PBXFileReference; fileEncoding = 4; lastKnownFileType = sourcecode.c.objc; path = activitiesViewController.m; sourceTree = "<group>"; };
/* End PBXFileReference section */

/* Begin PBXFrameworksBuildPhase section */
		4931121E19805EBB006C271E /* Frameworks */ = {
			isa = PBXFrameworksBuildPhase;
			buildActionMask = 2147483647;
			files = (
				4957B1A11989880600417C26 /* Crashlytics.framework in Frameworks */,
			);
			runOnlyForDeploymentPostprocessing = 0;
		};
		4931123419805EBB006C271E /* Frameworks */ = {
			isa = PBXFrameworksBuildPhase;
			buildActionMask = 2147483647;
			files = (
			);
			runOnlyForDeploymentPostprocessing = 0;
		};
/* End PBXFrameworksBuildPhase section */

/* Begin PBXGroup section */
		4931121819805EBB006C271E = {
			isa = PBXGroup;
			children = (
				4931122319805EBB006C271E /* Charity Map */,
				4931123A19805EBB006C271E /* Charity MapTests */,
				4931122219805EBB006C271E /* Products */,
			);
			sourceTree = "<group>";
		};
		4931122219805EBB006C271E /* Products */ = {
			isa = PBXGroup;
			children = (
				4931122119805EBB006C271E /* Charity Map.app */,
				4931123719805EBB006C271E /* Charity MapTests.xctest */,
			);
			name = Products;
			sourceTree = "<group>";
		};
		4931122319805EBB006C271E /* Charity Map */ = {
			isa = PBXGroup;
			children = (
				4957B19F198987F400417C26 /* Frameworks */,
				4931124719816AD9006C271E /* LAWalkthrough */,
				4931122819805EBB006C271E /* AppDelegate.h */,
				4931122919805EBB006C271E /* AppDelegate.m */,
				4931122E19805EBB006C271E /* Main.storyboard */,
				4931123119805EBB006C271E /* Images.xcassets */,
				4931122419805EBB006C271E /* Supporting Files */,
				49F968CB198943B8003C163A /* homeViewController.h */,
				49F968CC198943B8003C163A /* homeViewController.m */,
				49F968CE1989458B003C163A /* activitiesViewController.h */,
				49F968CF1989458B003C163A /* activitiesViewController.m */,
				4957B19B198958EF00417C26 /* projectsCollectionViewController.h */,
				4957B19C198958EF00417C26 /* projectsCollectionViewController.m */,
			);
			path = "Charity Map";
			sourceTree = "<group>";
		};
		4931122419805EBB006C271E /* Supporting Files */ = {
			isa = PBXGroup;
			children = (
				4931122519805EBB006C271E /* Info.plist */,
				4931122619805EBB006C271E /* main.m */,
			);
			name = "Supporting Files";
			sourceTree = "<group>";
		};
		4931123A19805EBB006C271E /* Charity MapTests */ = {
			isa = PBXGroup;
			children = (
				4931123D19805EBB006C271E /* Charity_MapTests.m */,
				4931123B19805EBB006C271E /* Supporting Files */,
			);
			path = "Charity MapTests";
			sourceTree = "<group>";
		};
		4931123B19805EBB006C271E /* Supporting Files */ = {
			isa = PBXGroup;
			children = (
				4931123C19805EBB006C271E /* Info.plist */,
			);
			name = "Supporting Files";
			sourceTree = "<group>";
		};
		4931124719816AD9006C271E /* LAWalkthrough */ = {
			isa = PBXGroup;
			children = (
				4931124819816AD9006C271E /* LAWalkthroughViewController.h */,
				4931124919816AD9006C271E /* LAWalkthroughViewController.m */,
			);
			name = LAWalkthrough;
			path = ../../LAWalkthrough/LAWalkthrough;
			sourceTree = "<group>";
		};
		4957B19F198987F400417C26 /* Frameworks */ = {
			isa = PBXGroup;
			children = (
				4957B1A01989880600417C26 /* Crashlytics.framework */,
			);
			name = Frameworks;
			sourceTree = "<group>";
		};
/* End PBXGroup section */

/* Begin PBXNativeTarget section */
		4931122019805EBB006C271E /* Charity Map */ = {
			isa = PBXNativeTarget;
			buildConfigurationList = 4931124119805EBB006C271E /* Build configuration list for PBXNativeTarget "Charity Map" */;
			buildPhases = (
				4931121D19805EBB006C271E /* Sources */,
				4931121E19805EBB006C271E /* Frameworks */,
				4931121F19805EBB006C271E /* Resources */,
				4957B19E198987AC00417C26 /* ShellScript */,
			);
			buildRules = (
			);
			dependencies = (
			);
			name = "Charity Map";
			productName = "Charity Map";
			productReference = 4931122119805EBB006C271E /* Charity Map.app */;
			productType = "com.apple.product-type.application";
		};
		4931123619805EBB006C271E /* Charity MapTests */ = {
			isa = PBXNativeTarget;
			buildConfigurationList = 4931124419805EBB006C271E /* Build configuration list for PBXNativeTarget "Charity MapTests" */;
			buildPhases = (
				4931123319805EBB006C271E /* Sources */,
				4931123419805EBB006C271E /* Frameworks */,
				4931123519805EBB006C271E /* Resources */,
			);
			buildRules = (
			);
			dependencies = (
				4931123919805EBB006C271E /* PBXTargetDependency */,
			);
			name = "Charity MapTests";
			productName = "Charity MapTests";
			productReference = 4931123719805EBB006C271E /* Charity MapTests.xctest */;
			productType = "com.apple.product-type.bundle.unit-test";
		};
/* End PBXNativeTarget section */

/* Begin PBXProject section */
		4931121919805EBB006C271E /* Project object */ = {
			isa = PBXProject;
			attributes = {
				LastUpgradeCheck = 0600;
				ORGANIZATIONNAME = "Charity Map";
				TargetAttributes = {
					4931122019805EBB006C271E = {
						CreatedOnToolsVersion = 6.0;
					};
					4931123619805EBB006C271E = {
						CreatedOnToolsVersion = 6.0;
						TestTargetID = 4931122019805EBB006C271E;
					};
				};
			};
			buildConfigurationList = 4931121C19805EBB006C271E /* Build configuration list for PBXProject "Charity Map" */;
			compatibilityVersion = "Xcode 3.2";
			developmentRegion = English;
			hasScannedForEncodings = 0;
			knownRegions = (
				en,
				Base,
			);
			mainGroup = 4931121819805EBB006C271E;
			productRefGroup = 4931122219805EBB006C271E /* Products */;
			projectDirPath = "";
			projectRoot = "";
			targets = (
				4931122019805EBB006C271E /* Charity Map */,
				4931123619805EBB006C271E /* Charity MapTests */,
			);
		};
/* End PBXProject section */

/* Begin PBXResourcesBuildPhase section */
		4931121F19805EBB006C271E /* Resources */ = {
			isa = PBXResourcesBuildPhase;
			buildActionMask = 2147483647;
			files = (
				4931123019805EBB006C271E /* Main.storyboard in Resources */,
				4931123219805EBB006C271E /* Images.xcassets in Resources */,
			);
			runOnlyForDeploymentPostprocessing = 0;
		};
		4931123519805EBB006C271E /* Resources */ = {
			isa = PBXResourcesBuildPhase;
			buildActionMask = 2147483647;
			files = (
			);
			runOnlyForDeploymentPostprocessing = 0;
		};
/* End PBXResourcesBuildPhase section */

/* Begin PBXShellScriptBuildPhase section */
		4957B19E198987AC00417C26 /* ShellScript */ = {
			isa = PBXShellScriptBuildPhase;
			buildActionMask = 2147483647;
			files = (
			);
			inputPaths = (
			);
			outputPaths = (
			);
			runOnlyForDeploymentPostprocessing = 0;
			shellPath = "./Crashlytics.framework/run dedc5c200f45bf5a174834fd72fde35f61067fe5 35b297d4165a04792b075831a0cd905a93ea242660952579a26ba2dc0624862b";
			shellScript = "";
		};
/* End PBXShellScriptBuildPhase section */

/* Begin PBXSourcesBuildPhase section */
		4931121D19805EBB006C271E /* Sources */ = {
			isa = PBXSourcesBuildPhase;
			buildActionMask = 2147483647;
			files = (
				4931124A19816AD9006C271E /* LAWalkthroughViewController.m in Sources */,
				4931122A19805EBB006C271E /* AppDelegate.m in Sources */,
				4931122719805EBB006C271E /* main.m in Sources */,
				49F968CD198943B8003C163A /* homeViewController.m in Sources */,
				4957B19D198958EF00417C26 /* projectsCollectionViewController.m in Sources */,
				49F968D01989458B003C163A /* activitiesViewController.m in Sources */,
			);
			runOnlyForDeploymentPostprocessing = 0;
		};
		4931123319805EBB006C271E /* Sources */ = {
			isa = PBXSourcesBuildPhase;
			buildActionMask = 2147483647;
			files = (
				4931123E19805EBB006C271E /* Charity_MapTests.m in Sources */,
			);
			runOnlyForDeploymentPostprocessing = 0;
		};
/* End PBXSourcesBuildPhase section */

/* Begin PBXTargetDependency section */
		4931123919805EBB006C271E /* PBXTargetDependency */ = {
			isa = PBXTargetDependency;
			target = 4931122019805EBB006C271E /* Charity Map */;
			targetProxy = 4931123819805EBB006C271E /* PBXContainerItemProxy */;
		};
/* End PBXTargetDependency section */

/* Begin PBXVariantGroup section */
		4931122E19805EBB006C271E /* Main.storyboard */ = {
			isa = PBXVariantGroup;
			children = (
				4931122F19805EBB006C271E /* Base */,
			);
			name = Main.storyboard;
			sourceTree = "<group>";
		};
/* End PBXVariantGroup section */

/* Begin XCBuildConfiguration section */
		4931123F19805EBB006C271E /* Debug */ = {
			isa = XCBuildConfiguration;
			buildSettings = {
				ALWAYS_SEARCH_USER_PATHS = NO;
				CLANG_CXX_LANGUAGE_STANDARD = "gnu++0x";
				CLANG_CXX_LIBRARY = "libc++";
				CLANG_ENABLE_MODULES = YES;
				CLANG_ENABLE_OBJC_ARC = YES;
				CLANG_WARN_BOOL_CONVERSION = YES;
				CLANG_WARN_CONSTANT_CONVERSION = YES;
				CLANG_WARN_DIRECT_OBJC_ISA_USAGE = YES_ERROR;
				CLANG_WARN_EMPTY_BODY = YES;
				CLANG_WARN_ENUM_CONVERSION = YES;
				CLANG_WARN_INT_CONVERSION = YES;
				CLANG_WARN_OBJC_ROOT_CLASS = YES_ERROR;
				CLANG_WARN_UNREACHABLE_CODE = YES;
				CLANG_WARN__DUPLICATE_METHOD_MATCH = YES;
				"CODE_SIGN_IDENTITY[sdk=iphoneos*]" = "iPhone Developer";
				COPY_PHASE_STRIP = NO;
				ENABLE_STRICT_OBJC_MSGSEND = YES;
				GCC_C_LANGUAGE_STANDARD = gnu99;
				GCC_DYNAMIC_NO_PIC = NO;
				GCC_OPTIMIZATION_LEVEL = 0;
				GCC_PREPROCESSOR_DEFINITIONS = (
					"DEBUG=1",
					"$(inherited)",
				);
				GCC_SYMBOLS_PRIVATE_EXTERN = NO;
				GCC_WARN_64_TO_32_BIT_CONVERSION = YES;
				GCC_WARN_ABOUT_RETURN_TYPE = YES_ERROR;
				GCC_WARN_UNDECLARED_SELECTOR = YES;
				GCC_WARN_UNINITIALIZED_AUTOS = YES_AGGRESSIVE;
				GCC_WARN_UNUSED_FUNCTION = YES;
				GCC_WARN_UNUSED_VARIABLE = YES;
				IPHONEOS_DEPLOYMENT_TARGET = 8.0;
				MTL_ENABLE_DEBUG_INFO = YES;
				ONLY_ACTIVE_ARCH = YES;
				SDKROOT = iphoneos;
			};
			name = Debug;
		};
		4931124019805EBB006C271E /* Release */ = {
			isa = XCBuildConfiguration;
			buildSettings = {
				ALWAYS_SEARCH_USER_PATHS = NO;
				CLANG_CXX_LANGUAGE_STANDARD = "gnu++0x";
				CLANG_CXX_LIBRARY = "libc++";
				CLANG_ENABLE_MODULES = YES;
				CLANG_ENABLE_OBJC_ARC = YES;
				CLANG_WARN_BOOL_CONVERSION = YES;
				CLANG_WARN_CONSTANT_CONVERSION = YES;
				CLANG_WARN_DIRECT_OBJC_ISA_USAGE = YES_ERROR;
				CLANG_WARN_EMPTY_BODY = YES;
				CLANG_WARN_ENUM_CONVERSION = YES;
				CLANG_WARN_INT_CONVERSION = YES;
				CLANG_WARN_OBJC_ROOT_CLASS = YES_ERROR;
				CLANG_WARN_UNREACHABLE_CODE = YES;
				CLANG_WARN__DUPLICATE_METHOD_MATCH = YES;
				"CODE_SIGN_IDENTITY[sdk=iphoneos*]" = "iPhone Developer";
				COPY_PHASE_STRIP = YES;
				ENABLE_NS_ASSERTIONS = NO;
				ENABLE_STRICT_OBJC_MSGSEND = YES;
				GCC_C_LANGUAGE_STANDARD = gnu99;
				GCC_WARN_64_TO_32_BIT_CONVERSION = YES;
				GCC_WARN_ABOUT_RETURN_TYPE = YES_ERROR;
				GCC_WARN_UNDECLARED_SELECTOR = YES;
				GCC_WARN_UNINITIALIZED_AUTOS = YES_AGGRESSIVE;
				GCC_WARN_UNUSED_FUNCTION = YES;
				GCC_WARN_UNUSED_VARIABLE = YES;
				IPHONEOS_DEPLOYMENT_TARGET = 8.0;
				MTL_ENABLE_DEBUG_INFO = NO;
				SDKROOT = iphoneos;
				VALIDATE_PRODUCT = YES;
			};
			name = Release;
		};
		4931124219805EBB006C271E /* Debug */ = {
			isa = XCBuildConfiguration;
			buildSettings = {
				ASSETCATALOG_COMPILER_APPICON_NAME = AppIcon;
				ASSETCATALOG_COMPILER_LAUNCHIMAGE_NAME = LaunchImage;
				FRAMEWORK_SEARCH_PATHS = (
					"$(inherited)",
					"$(PROJECT_DIR)",
				);
				INFOPLIST_FILE = "Charity Map/Info.plist";
				IPHONEOS_DEPLOYMENT_TARGET = 7.1;
				LD_RUNPATH_SEARCH_PATHS = "$(inherited) @executable_path/Frameworks";
				PRODUCT_NAME = "$(TARGET_NAME)";
				PROVISIONING_PROFILE = "739B100E-FDCB-4582-966E-C79BF7DF8EA7";
				TARGETED_DEVICE_FAMILY = 1;
			};
			name = Debug;
		};
		4931124319805EBB006C271E /* Release */ = {
			isa = XCBuildConfiguration;
			buildSettings = {
				ASSETCATALOG_COMPILER_APPICON_NAME = AppIcon;
				ASSETCATALOG_COMPILER_LAUNCHIMAGE_NAME = LaunchImage;
				FRAMEWORK_SEARCH_PATHS = (
					"$(inherited)",
					"$(PROJECT_DIR)",
				);
				INFOPLIST_FILE = "Charity Map/Info.plist";
				IPHONEOS_DEPLOYMENT_TARGET = 7.1;
				LD_RUNPATH_SEARCH_PATHS = "$(inherited) @executable_path/Frameworks";
				PRODUCT_NAME = "$(TARGET_NAME)";
				PROVISIONING_PROFILE = "739B100E-FDCB-4582-966E-C79BF7DF8EA7";
				TARGETED_DEVICE_FAMILY = 1;
			};
			name = Release;
		};
		4931124519805EBB006C271E /* Debug */ = {
			isa = XCBuildConfiguration;
			buildSettings = {
				BUNDLE_LOADER = "$(BUILT_PRODUCTS_DIR)/Charity Map.app/Charity Map";
				FRAMEWORK_SEARCH_PATHS = (
					"$(SDKROOT)/Developer/Library/Frameworks",
					"$(inherited)",
				);
				GCC_PREPROCESSOR_DEFINITIONS = (
					"DEBUG=1",
					"$(inherited)",
				);
				INFOPLIST_FILE = "Charity MapTests/Info.plist";
				LD_RUNPATH_SEARCH_PATHS = "$(inherited) @executable_path/Frameworks @loader_path/Frameworks";
				PRODUCT_NAME = "$(TARGET_NAME)";
				TEST_HOST = "$(BUNDLE_LOADER)";
			};
			name = Debug;
		};
		4931124619805EBB006C271E /* Release */ = {
			isa = XCBuildConfiguration;
			buildSettings = {
				BUNDLE_LOADER = "$(BUILT_PRODUCTS_DIR)/Charity Map.app/Charity Map";
				FRAMEWORK_SEARCH_PATHS = (
					"$(SDKROOT)/Developer/Library/Frameworks",
					"$(inherited)",
				);
				INFOPLIST_FILE = "Charity MapTests/Info.plist";
				LD_RUNPATH_SEARCH_PATHS = "$(inherited) @executable_path/Frameworks @loader_path/Frameworks";
				PRODUCT_NAME = "$(TARGET_NAME)";
				TEST_HOST = "$(BUNDLE_LOADER)";
			};
			name = Release;
		};
/* End XCBuildConfiguration section */

/* Begin XCConfigurationList section */
		4931121C19805EBB006C271E /* Build configuration list for PBXProject "Charity Map" */ = {
			isa = XCConfigurationList;
			buildConfigurations = (
				4931123F19805EBB006C271E /* Debug */,
				4931124019805EBB006C271E /* Release */,
			);
			defaultConfigurationIsVisible = 0;
			defaultConfigurationName = Release;
		};
		4931124119805EBB006C271E /* Build configuration list for PBXNativeTarget "Charity Map" */ = {
			isa = XCConfigurationList;
			buildConfigurations = (
				4931124219805EBB006C271E /* Debug */,
				4931124319805EBB006C271E /* Release */,
			);
			defaultConfigurationIsVisible = 0;
			defaultConfigurationName = Release;
		};
		4931124419805EBB006C271E /* Build configuration list for PBXNativeTarget "Charity MapTests" */ = {
			isa = XCConfigurationList;
			buildConfigurations = (
				4931124519805EBB006C271E /* Debug */,
				4931124619805EBB006C271E /* Release */,
			);
			defaultConfigurationIsVisible = 0;
			defaultConfigurationName = Release;
		};
/* End XCConfigurationList section */
	};
	rootObject = 4931121919805EBB006C271E /* Project object */;
}
